
Microsoft Visual Studio Solution File, Format Version 12.00
# Visual Studio 14
VisualStudioVersion = 14.0.23107.0
MinimumVisualStudioVersion = 10.0.40219.1
Project("{FAE04EC0-301F-11D3-BF4B-00C04F79EFBC}") = "FetchMe.Core.Interface", "FetchMe.Core.Interface\FetchMe.Core.Interface.csproj", "{5C72E06E-5AD9-4BA7-A03D-36D0064420F9}"
EndProject
Project("{FAE04EC0-301F-11D3-BF4B-00C04F79EFBC}") = "FetchMe.DataAccess.Interface", "FetchMe.DataAccess.Interface\FetchMe.DataAccess.Interface.csproj", "{5D45B891-6B0B-4BCB-8B79-8BBD92831EBC}"
EndProject
Project("{FAE04EC0-301F-11D3-BF4B-00C04F79EFBC}") = "FetchMe.Dto", "FetchMe.Dto\FetchMe.Dto.csproj", "{DFCD2A3D-895D-42FA-8C4E-24BB38B744D2}"
EndProject
Project("{FAE04EC0-301F-11D3-BF4B-00C04F79EFBC}") = "FetchMe.Service.Interface", "FetchMe.Service.Interface\FetchMe.Service.Interface.csproj", "{24B2F704-D3D3-4A8A-81F9-648CBB393ACC}"
EndProject
Project("{FAE04EC0-301F-11D3-BF4B-00C04F79EFBC}") = "FetchMe.Service.Logic", "FetchMe.Service.Logic\FetchMe.Service.Logic.csproj", "{B06F8F68-9C74-44BB-AB91-1B65A01B16A7}"
EndProject
Project("{FAE04EC0-301F-11D3-BF4B-00C04F79EFBC}") = "FetchMe.Service.Test", "FetchMe.Service.Test\FetchMe.Service.Test.csproj", "{8843D641-7B29-47DF-AC3D-D4EF1BE58546}"
EndProject
Project("{FAE04EC0-301F-11D3-BF4B-00C04F79EFBC}") = "FetchMe.Service", "FetchMe.Service\FetchMe.Service.csproj", "{EB7E7A84-B209-4F15-B777-96960C707119}"
EndProject
Global
	GlobalSection(SolutionConfigurationPlatforms) = preSolution
		Debug|Any CPU = Debug|Any CPU
		Release|Any CPU = Release|Any CPU
	EndGlobalSection
	GlobalSection(ProjectConfigurationPlatforms) = postSolution
		{5C72E06E-5AD9-4BA7-A03D-36D0064420F9}.Debug|Any CPU.ActiveCfg = Debug|Any CPU
		{5C72E06E-5AD9-4BA7-A03D-36D0064420F9}.Debug|Any CPU.Build.0 = Debug|Any CPU
		{5C72E06E-5AD9-4BA7-A03D-36D0064420F9}.Release|Any CPU.ActiveCfg = Release|Any CPU
		{5C72E06E-5AD9-4BA7-A03D-36D0064420F9}.Release|Any CPU.Build.0 = Release|Any CPU
		{5D45B891-6B0B-4BCB-8B79-8BBD92831EBC}.Debug|Any CPU.ActiveCfg = Debug|Any CPU
		{5D45B891-6B0B-4BCB-8B79-8BBD92831EBC}.Debug|Any CPU.Build.0 = Debug|Any CPU
		{5D45B891-6B0B-4BCB-8B79-8BBD92831EBC}.Release|Any CPU.ActiveCfg = Release|Any CPU
		{5D45B891-6B0B-4BCB-8B79-8BBD92831EBC}.Release|Any CPU.Build.0 = Release|Any CPU
		{DFCD2A3D-895D-42FA-8C4E-24BB38B744D2}.Debug|Any CPU.ActiveCfg = Debug|Any CPU
		{DFCD2A3D-895D-42FA-8C4E-24BB38B744D2}.Debug|Any CPU.Build.0 = Debug|Any CPU
		{DFCD2A3D-895D-42FA-8C4E-24BB38B744D2}.Release|Any CPU.ActiveCfg = Release|Any CPU
		{DFCD2A3D-895D-42FA-8C4E-24BB38B744D2}.Release|Any CPU.Build.0 = Release|Any CPU
		{24B2F704-D3D3-4A8A-81F9-648CBB393ACC}.Debug|Any CPU.ActiveCfg = Debug|Any CPU
		{24B2F704-D3D3-4A8A-81F9-648CBB393ACC}.Debug|Any CPU.Build.0 = Debug|Any CPU
		{24B2F704-D3D3-4A8A-81F9-648CBB393ACC}.Release|Any CPU.ActiveCfg = Release|Any CPU
		{24B2F704-D3D3-4A8A-81F9-648CBB393ACC}.Release|Any CPU.Build.0 = Release|Any CPU
		{B06F8F68-9C74-44BB-AB91-1B65A01B16A7}.Debug|Any CPU.ActiveCfg = Debug|Any CPU
		{B06F8F68-9C74-44BB-AB91-1B65A01B16A7}.Debug|Any CPU.Build.0 = Debug|Any CPU
		{B06F8F68-9C74-44BB-AB91-1B65A01B16A7}.Release|Any CPU.ActiveCfg = Release|Any CPU
		{B06F8F68-9C74-44BB-AB91-1B65A01B16A7}.Release|Any CPU.Build.0 = Release|Any CPU
		{8843D641-7B29-47DF-AC3D-D4EF1BE58546}.Debug|Any CPU.ActiveCfg = Debug|Any CPU
		{8843D641-7B29-47DF-AC3D-D4EF1BE58546}.Debug|Any CPU.Build.0 = Debug|Any CPU
		{8843D641-7B29-47DF-AC3D-D4EF1BE58546}.Release|Any CPU.ActiveCfg = Release|Any CPU
		{8843D641-7B29-47DF-AC3D-D4EF1BE58546}.Release|Any CPU.Build.0 = Release|Any CPU
		{EB7E7A84-B209-4F15-B777-96960C707119}.Debug|Any CPU.ActiveCfg = Debug|Any CPU
		{EB7E7A84-B209-4F15-B777-96960C707119}.Debug|Any CPU.Build.0 = Debug|Any CPU
		{EB7E7A84-B209-4F15-B777-96960C707119}.Release|Any CPU.ActiveCfg = Release|Any CPU
		{EB7E7A84-B209-4F15-B777-96960C707119}.Release|Any CPU.Build.0 = Release|Any CPU
	EndGlobalSection
	GlobalSection(SolutionProperties) = preSolution
		HideSolutionNode = FALSE
	EndGlobalSection
EndGlobal
